
Microsoft Visual Studio Solution File, Format Version 12.00
# Visual Studio 15
VisualStudioVersion = 15.0.27004.2010
MinimumVisualStudioVersion = 10.0.40219.1
Project("{8BC9CEB8-8B4A-11D0-8D11-00A0C91BC942}") = "Lab1_GUI", "Lab1_GUI\Lab1_GUI.vcxproj", "{B12702AD-ABFB-343A-A199-8E24837244A3}"
EndProject
Project("{8BC9CEB8-8B4A-11D0-8D11-00A0C91BC942}") = "QueueingSystem", "QueueingSystem\QueueingSystem.vcxproj", "{D1D6C555-4455-41FF-ADA0-EA7821BE4BD4}"
EndProject
Project("{8BC9CEB8-8B4A-11D0-8D11-00A0C91BC942}") = "Lab2_GUI", "Lab2_GUI\Lab2_GUI.vcxproj", "{B949B6BC-E3E3-4CA7-B3FC-93A560FCC009}"
EndProject
Project("{8BC9CEB8-8B4A-11D0-8D11-00A0C91BC942}") = "PetriNet", "PetriNet\PetriNet.vcxproj", "{41A6E783-257E-45D1-8E03-222B20E095AA}"
EndProject
Project("{8BC9CEB8-8B4A-11D0-8D11-00A0C91BC942}") = "ArcMath", "ArcMath\ArcMath.vcxproj", "{25488785-0415-4FE4-83F5-D736A4686948}"
EndProject
Project("{8BC9CEB8-8B4A-11D0-8D11-00A0C91BC942}") = "Lab3_GUI", "Lab3_GUI\Lab3_GUI.vcxproj", "{F9116DB1-5CC6-4222-A078-69034FAC25BB}"
EndProject
Project("{8BC9CEB8-8B4A-11D0-8D11-00A0C91BC942}") = "DynamicProgramming", "DynamicProgramming\DynamicProgramming.vcxproj", "{BEFE6F8D-E4BC-4997-9E8D-9C7D3BDCAFC9}"
EndProject
Global
	GlobalSection(SolutionConfigurationPlatforms) = preSolution
		Debug|x64 = Debug|x64
		Debug|x86 = Debug|x86
		Release|x64 = Release|x64
		Release|x86 = Release|x86
	EndGlobalSection
	GlobalSection(ProjectConfigurationPlatforms) = postSolution
		{B12702AD-ABFB-343A-A199-8E24837244A3}.Debug|x64.ActiveCfg = Debug|x64
		{B12702AD-ABFB-343A-A199-8E24837244A3}.Debug|x64.Build.0 = Debug|x64
		{B12702AD-ABFB-343A-A199-8E24837244A3}.Debug|x86.ActiveCfg = Debug|x64
		{B12702AD-ABFB-343A-A199-8E24837244A3}.Release|x64.ActiveCfg = Release|x64
		{B12702AD-ABFB-343A-A199-8E24837244A3}.Release|x64.Build.0 = Release|x64
		{B12702AD-ABFB-343A-A199-8E24837244A3}.Release|x86.ActiveCfg = Release|x64
		{D1D6C555-4455-41FF-ADA0-EA7821BE4BD4}.Debug|x64.ActiveCfg = Debug|x64
		{D1D6C555-4455-41FF-ADA0-EA7821BE4BD4}.Debug|x64.Build.0 = Debug|x64
		{D1D6C555-4455-41FF-ADA0-EA7821BE4BD4}.Debug|x86.ActiveCfg = Debug|Win32
		{D1D6C555-4455-41FF-ADA0-EA7821BE4BD4}.Debug|x86.Build.0 = Debug|Win32
		{D1D6C555-4455-41FF-ADA0-EA7821BE4BD4}.Release|x64.ActiveCfg = Release|x64
		{D1D6C555-4455-41FF-ADA0-EA7821BE4BD4}.Release|x64.Build.0 = Release|x64
		{D1D6C555-4455-41FF-ADA0-EA7821BE4BD4}.Release|x86.ActiveCfg = Release|Win32
		{D1D6C555-4455-41FF-ADA0-EA7821BE4BD4}.Release|x86.Build.0 = Release|Win32
		{B949B6BC-E3E3-4CA7-B3FC-93A560FCC009}.Debug|x64.ActiveCfg = Debug|x64
		{B949B6BC-E3E3-4CA7-B3FC-93A560FCC009}.Debug|x64.Build.0 = Debug|x64
		{B949B6BC-E3E3-4CA7-B3FC-93A560FCC009}.Debug|x86.ActiveCfg = Debug|x64
		{B949B6BC-E3E3-4CA7-B3FC-93A560FCC009}.Release|x64.ActiveCfg = Release|x64
		{B949B6BC-E3E3-4CA7-B3FC-93A560FCC009}.Release|x64.Build.0 = Release|x64
		{B949B6BC-E3E3-4CA7-B3FC-93A560FCC009}.Release|x86.ActiveCfg = Release|x64
		{41A6E783-257E-45D1-8E03-222B20E095AA}.Debug|x64.ActiveCfg = Debug|x64
		{41A6E783-257E-45D1-8E03-222B20E095AA}.Debug|x64.Build.0 = Debug|x64
		{41A6E783-257E-45D1-8E03-222B20E095AA}.Debug|x86.ActiveCfg = Debug|Win32
		{41A6E783-257E-45D1-8E03-222B20E095AA}.Debug|x86.Build.0 = Debug|Win32
		{41A6E783-257E-45D1-8E03-222B20E095AA}.Release|x64.ActiveCfg = Release|x64
		{41A6E783-257E-45D1-8E03-222B20E095AA}.Release|x64.Build.0 = Release|x64
		{41A6E783-257E-45D1-8E03-222B20E095AA}.Release|x86.ActiveCfg = Release|Win32
		{41A6E783-257E-45D1-8E03-222B20E095AA}.Release|x86.Build.0 = Release|Win32
		{25488785-0415-4FE4-83F5-D736A4686948}.Debug|x64.ActiveCfg = Debug|x64
		{25488785-0415-4FE4-83F5-D736A4686948}.Debug|x64.Build.0 = Debug|x64
		{25488785-0415-4FE4-83F5-D736A4686948}.Debug|x86.ActiveCfg = Debug|Win32
		{25488785-0415-4FE4-83F5-D736A4686948}.Debug|x86.Build.0 = Debug|Win32
		{25488785-0415-4FE4-83F5-D736A4686948}.Release|x64.ActiveCfg = Release|x64
		{25488785-0415-4FE4-83F5-D736A4686948}.Release|x64.Build.0 = Release|x64
		{25488785-0415-4FE4-83F5-D736A4686948}.Release|x86.ActiveCfg = Release|Win32
		{25488785-0415-4FE4-83F5-D736A4686948}.Release|x86.Build.0 = Release|Win32
		{F9116DB1-5CC6-4222-A078-69034FAC25BB}.Debug|x64.ActiveCfg = Debug|x64
		{F9116DB1-5CC6-4222-A078-69034FAC25BB}.Debug|x64.Build.0 = Debug|x64
		{F9116DB1-5CC6-4222-A078-69034FAC25BB}.Debug|x86.ActiveCfg = Debug|x64
		{F9116DB1-5CC6-4222-A078-69034FAC25BB}.Release|x64.ActiveCfg = Release|x64
		{F9116DB1-5CC6-4222-A078-69034FAC25BB}.Release|x64.Build.0 = Release|x64
		{F9116DB1-5CC6-4222-A078-69034FAC25BB}.Release|x86.ActiveCfg = Release|x64
		{BEFE6F8D-E4BC-4997-9E8D-9C7D3BDCAFC9}.Debug|x64.ActiveCfg = Debug|x64
		{BEFE6F8D-E4BC-4997-9E8D-9C7D3BDCAFC9}.Debug|x64.Build.0 = Debug|x64
		{BEFE6F8D-E4BC-4997-9E8D-9C7D3BDCAFC9}.Debug|x86.ActiveCfg = Debug|Win32
		{BEFE6F8D-E4BC-4997-9E8D-9C7D3BDCAFC9}.Debug|x86.Build.0 = Debug|Win32
		{BEFE6F8D-E4BC-4997-9E8D-9C7D3BDCAFC9}.Release|x64.ActiveCfg = Release|x64
		{BEFE6F8D-E4BC-4997-9E8D-9C7D3BDCAFC9}.Release|x64.Build.0 = Release|x64
		{BEFE6F8D-E4BC-4997-9E8D-9C7D3BDCAFC9}.Release|x86.ActiveCfg = Release|Win32
		{BEFE6F8D-E4BC-4997-9E8D-9C7D3BDCAFC9}.Release|x86.Build.0 = Release|Win32
	EndGlobalSection
	GlobalSection(SolutionProperties) = preSolution
		HideSolutionNode = FALSE
	EndGlobalSection
	GlobalSection(ExtensibilityGlobals) = postSolution
		SolutionGuid = {07C6B90E-CBFD-41BF-832B-C45091990AE4}
	EndGlobalSection
EndGlobal
