<?xml version="1.0" encoding="utf-8"?>
<Project ToolsVersion="4.0" xmlns="http://schemas.microsoft.com/developer/msbuild/2003">
  <ItemGroup>
    <Filter Include="Storage">
      <UniqueIdentifier>{104359ab-c2a3-4f13-88f3-cd0c4e067fb0}</UniqueIdentifier>
    </Filter>
    <Filter Include="Shared">
      <UniqueIdentifier>{19b00d0f-3059-401e-8063-1308b89f4cdf}</UniqueIdentifier>
    </Filter>
    <Filter Include="Execution">
      <UniqueIdentifier>{9d04a920-d2df-4cf1-a23e-3287bc8c754e}</UniqueIdentifier>
    </Filter>
    <Filter Include="Statistics">
      <UniqueIdentifier>{0d93be53-4da5-4877-8a99-affdd162e18f}</UniqueIdentifier>
    </Filter>
  </ItemGroup>
  <ItemGroup>
    <ClInclude Include="PER.hpp">
      <Filter>Storage</Filter>
    </ClInclude>
    <ClInclude Include="LIFO.hpp">
      <Filter>Storage</Filter>
    </ClInclude>
    <ClInclude Include="AbstractStorage.hpp">
      <Filter>Storage</Filter>
    </ClInclude>
    <ClInclude Include="shared.hpp">
      <Filter>Shared</Filter>
    </ClInclude>
    <ClInclude Include="ExecutionUnit.hpp">
      <Filter>Execution</Filter>
    </ClInclude>
    <ClInclude Include="SimulatorUnit.hpp">
      <Filter>Execution</Filter>
    </ClInclude>
    <ClInclude Include="QueueingSystem.hpp" />
    <ClInclude Include="TaskImitation.hpp">
      <Filter>Shared</Filter>
    </ClInclude>
    <ClInclude Include="TaskSimulation.hpp">
      <Filter>Shared</Filter>
    </ClInclude>
    <ClInclude Include="Statistics.hpp">
      <Filter>Statistics</Filter>
    </ClInclude>
    <ClInclude Include="EDF.hpp">
      <Filter>Storage</Filter>
    </ClInclude>
  </ItemGroup>
  <ItemGroup>
    <ClCompile Include="QueueingSystem.cpp" />
    <ClCompile Include="Imitator.cpp">
      <Filter>Execution</Filter>
    </ClCompile>
    <ClCompile Include="TaskSimulation.cpp">
      <Filter>Shared</Filter>
    </ClCompile>
    <ClCompile Include="GeneratorSimulator.cpp">
      <Filter>Execution</Filter>
    </ClCompile>
    <ClCompile Include="ProcessorSimulator.cpp">
      <Filter>Execution</Filter>
    </ClCompile>
  </ItemGroup>
</Project>