<?xml version="1.0" encoding="utf-8"?>
<Project ToolsVersion="4.0" xmlns="http://schemas.microsoft.com/developer/msbuild/2003">
  <ItemGroup>
    <Filter Include="Generated Files">
      <UniqueIdentifier>{71ED8ED8-ACB9-4CE9-BBE1-E00B30144E11}</UniqueIdentifier>
      <Extensions>moc;h;cpp</Extensions>
      <SourceControlFiles>False</SourceControlFiles>
    </Filter>
    <Filter Include="GUI">
      <UniqueIdentifier>{69a3f57e-d187-4a7f-8db1-7f52942ea07e}</UniqueIdentifier>
    </Filter>
    <Filter Include="Simulation">
      <UniqueIdentifier>{d7529734-77b1-48fc-b5be-26a1c0d6fc91}</UniqueIdentifier>
    </Filter>
  </ItemGroup>
  <ItemGroup>
    <ClCompile Include="GUI\GUI.cpp">
      <Filter>GUI</Filter>
    </ClCompile>
    <ClCompile Include="GeneratedFiles\Debug\moc_GUI.cpp">
      <Filter>Generated Files</Filter>
    </ClCompile>
    <ClCompile Include="GeneratedFiles\Release\moc_GUI.cpp">
      <Filter>Generated Files</Filter>
    </ClCompile>
    <ClCompile Include="GeneratedFiles\qrc_GUI.cpp">
      <Filter>Generated Files</Filter>
    </ClCompile>
    <ClCompile Include="GUI\main.cpp">
      <Filter>GUI</Filter>
    </ClCompile>
    <ClCompile Include="Simulation\TaskGenerator.cpp">
      <Filter>Simulation</Filter>
    </ClCompile>
    <ClCompile Include="Simulation\TaskProcessor.cpp">
      <Filter>Simulation</Filter>
    </ClCompile>
    <ClCompile Include="Simulation\ProcessorSimulator.cpp">
      <Filter>Simulation</Filter>
    </ClCompile>
  </ItemGroup>
  <ItemGroup>
    <CustomBuild Include="GUI\GUI.h">
      <Filter>GUI</Filter>
    </CustomBuild>
    <CustomBuild Include="GUI\GUI.qrc">
      <Filter>GUI</Filter>
    </CustomBuild>
    <CustomBuild Include="GUI\GUI.ui">
      <Filter>GUI</Filter>
    </CustomBuild>
  </ItemGroup>
  <ItemGroup>
    <ClInclude Include="GeneratedFiles\ui_GUI.h">
      <Filter>Generated Files</Filter>
    </ClInclude>
    <ClInclude Include="Simulation\Shared.hpp">
      <Filter>Simulation</Filter>
    </ClInclude>
    <ClInclude Include="Simulation\TaskGenerator.hpp">
      <Filter>Simulation</Filter>
    </ClInclude>
    <ClInclude Include="Simulation\TaskProcessor.hpp">
      <Filter>Simulation</Filter>
    </ClInclude>
    <ClInclude Include="Simulation\TaskStorage.hpp">
      <Filter>Simulation</Filter>
    </ClInclude>
    <ClInclude Include="Simulation\ProcessorSimulator.hpp">
      <Filter>Simulation</Filter>
    </ClInclude>
  </ItemGroup>
</Project>